%{
  "angle": {:hex, :angle, "0.3.0", "00405e6f80a7c34210a031ab1d13dd5222e0651f6abe4350a568375faebaefae", [:mix], [], "hexpm", "3c5ad1253d761fcb6234ccaafae004efdf4ee8297687bb4b08e2b93f2e1cf208"},
  "bunt": {:hex, :bunt, "0.2.0", "951c6e801e8b1d2cbe58ebbd3e616a869061ddadcc4863d0a2182541acae9a38", [:mix], [], "hexpm", "7af5c7e09fe1d40f76c8e4f9dd2be7cebd83909f31fee7cd0e9eadc567da8353"},
  "credo": {:hex, :credo, "1.5.5", "e8f422026f553bc3bebb81c8e8bf1932f498ca03339856c7fec63d3faac8424b", [:mix], [{:bunt, "~> 0.2.0", [hex: :bunt, repo: "hexpm", optional: false]}, {:file_system, "~> 0.2.8", [hex: :file_system, repo: "hexpm", optional: false]}, {:jason, "~> 1.0", [hex: :jason, repo: "hexpm", optional: false]}], "hexpm", "dd8623ab7091956a855dc9f3062486add9c52d310dfd62748779c4315d8247de"},
  "earmark": {:hex, :earmark, "1.4.15", "2c7f924bf495ec1f65bd144b355d0949a05a254d0ec561740308a54946a67888", [:mix], [{:earmark_parser, ">= 1.4.13", [hex: :earmark_parser, repo: "hexpm", optional: false]}], "hexpm", "3b1209b85bc9f3586f370f7c363f6533788fb4e51db23aa79565875e7f9999ee"},
  "earmark_parser": {:hex, :earmark_parser, "1.4.13", "0c98163e7d04a15feb62000e1a891489feb29f3d10cb57d4f845c405852bbef8", [:mix], [], "hexpm", "d602c26af3a0af43d2f2645613f65841657ad6efc9f0e361c3b6c06b578214ba"},
  "ex_doc": {:hex, :ex_doc, "0.22.1", "9bb6d51508778193a4ea90fa16eac47f8b67934f33f8271d5e1edec2dc0eee4c", [:mix], [{:earmark, "~> 1.4.0", [hex: :earmark, repo: "hexpm", optional: false]}, {:makeup_elixir, "~> 0.14", [hex: :makeup_elixir, repo: "hexpm", optional: false]}], "hexpm", "d957de1b75cb9f78d3ee17820733dc4460114d8b1e11f7ee4fd6546e69b1db60"},
  "file_system": {:hex, :file_system, "0.2.10", "fb082005a9cd1711c05b5248710f8826b02d7d1784e7c3451f9c1231d4fc162d", [:mix], [], "hexpm", "41195edbfb562a593726eda3b3e8b103a309b733ad25f3d642ba49696bf715dc"},
  "graphmath": {:hex, :graphmath, "2.4.0", "149ad0e6f4f98d2cdd22697c953460a6ce23ac4a162394825e6743b5efeba518", [:mix], [], "hexpm", "28c6e7bd3e918fe6a8bea11108fa79b075bfecf1870be450bc9a71051a562592"},
  "jason": {:hex, :jason, "1.2.2", "ba43e3f2709fd1aa1dce90aaabfd039d000469c05c56f0b8e31978e03fa39052", [:mix], [{:decimal, "~> 1.0 or ~> 2.0", [hex: :decimal, repo: "hexpm", optional: true]}], "hexpm", "18a228f5f0058ee183f29f9eae0805c6e59d61c3b006760668d8d18ff0d12179"},
  "makeup": {:hex, :makeup, "1.0.3", "e339e2f766d12e7260e6672dd4047405963c5ec99661abdc432e6ec67d29ef95", [:mix], [{:nimble_parsec, "~> 0.5", [hex: :nimble_parsec, repo: "hexpm", optional: false]}], "hexpm", "2e9b4996d11832947731f7608fed7ad2f9443011b3b479ae288011265cdd3dad"},
  "makeup_elixir": {:hex, :makeup_elixir, "0.14.1", "4f0e96847c63c17841d42c08107405a005a2680eb9c7ccadfd757bd31dabccfb", [:mix], [{:makeup, "~> 1.0", [hex: :makeup, repo: "hexpm", optional: false]}], "hexpm", "f2438b1a80eaec9ede832b5c41cd4f373b38fd7aa33e3b22d9db79e640cbde11"},
  "nimble_parsec": {:hex, :nimble_parsec, "0.6.0", "32111b3bf39137144abd7ba1cce0914533b2d16ef35e8abc5ec8be6122944263", [:mix], [], "hexpm", "27eac315a94909d4dc68bc07a4a83e06c8379237c5ea528a9acff4ca1c873c52"},
}
